dependencies:
- name: dwv-audit
  repository: oci://ghcr.io/nationalsecurityagency/datawave-helm-charts/charts
  version: 1.0.0
- name: dwv-authorization
  repository: oci://ghcr.io/nationalsecurityagency/datawave-helm-charts/charts
  version: 1.0.0
- name: dwv-cache
  repository: oci://ghcr.io/nationalsecurityagency/datawave-helm-charts/charts
  version: 1.0.0
- name: dwv-configuration
  repository: oci://ghcr.io/nationalsecurityagency/datawave-helm-charts/charts
  version: 1.0.0
- name: dwv-dictionary
  repository: oci://ghcr.io/nationalsecurityagency/datawave-helm-charts/charts
  version: 1.0.0
- name: dwv-executor
  repository: file://../executor/
  version: 1.0.0-SNAPSHOT
- name: dwv-kafdrop
  repository: file://../kafdrop
  version: 1.0.0-SNAPSHOT
- name: dwv-kafka
  repository: file://../kafka
  version: 1.0.0-SNAPSHOT
- name: dwv-modification
  repository: file://../modification
  version: 1.0.0-SNAPSHOT
- name: dwv-mr-query
  repository: file://../mr-query
  version: 1.0.0-SNAPSHOT
- name: dwv-query
  repository: file://../query
  version: 1.0.0-SNAPSHOT
- name: dwv-query-metrics
  repository: file://../query-metrics
  version: 1.0.0-SNAPSHOT
- name: dwv-rabbitmq
  repository: oci://ghcr.io/nationalsecurityagency/datawave-helm-charts/charts
  version: 1.0.0
digest: sha256:00d0cd83713ad19d971fd74c64b57032c24250c05f5ae25df1f6549261a99e4f
generated: "2024-10-08T10:51:03.152002577Z"
