dependencies:
- name: dwv-audit
  repository: oci://ghcr.io/nationalsecurityagency/datawave-helm-charts/charts
  version: 1.0.0
- name: dwv-configuration
  repository: oci://ghcr.io/nationalsecurityagency/datawave-helm-charts/charts
  version: 1.0.0
- name: dwv-cache
  repository: oci://ghcr.io/nationalsecurityagency/datawave-helm-charts/charts
  version: 1.0.0
- name: dwv-dictionary
  repository: oci://ghcr.io/nationalsecurityagency/datawave-helm-charts/charts
  version: 1.0.0
- name: dwv-rabbitmq
  repository: oci://ghcr.io/nationalsecurityagency/datawave-helm-charts/charts
  version: 1.0.0
- name: dwv-authorization
  repository: oci://ghcr.io/nationalsecurityagency/datawave-helm-charts/charts
  version: 1.0.0
- name: dwv-web
  repository: oci://ghcr.io/nationalsecurityagency/datawave-helm-charts/charts
  version: 1.0.0
digest: sha256:10393e972dc61932b23c1a11defdf861af88a3b95d25c18858a45f8fe28e50b7
generated: "2024-10-04T11:05:55.698542945Z"
