dependencies:
- name: dwv-audit
  repository: oci://ghcr.io/nationalsecurityagency/datawave-helm-charts/charts
  version: 1.0.2
- name: dwv-configuration
  repository: oci://ghcr.io/nationalsecurityagency/datawave-helm-charts/charts
  version: 1.0.2
- name: dwv-cache
  repository: oci://ghcr.io/nationalsecurityagency/datawave-helm-charts/charts
  version: 1.0.2
- name: dwv-dictionary
  repository: oci://ghcr.io/nationalsecurityagency/datawave-helm-charts/charts
  version: 1.0.2
- name: dwv-rabbitmq
  repository: oci://ghcr.io/nationalsecurityagency/datawave-helm-charts/charts
  version: 1.0.1
- name: dwv-authorization
  repository: oci://ghcr.io/nationalsecurityagency/datawave-helm-charts/charts
  version: 1.0.2
- name: dwv-web
  repository: oci://ghcr.io/nationalsecurityagency/datawave-helm-charts/charts
  version: 1.0.3
- name: dwv-mysql
  repository: oci://ghcr.io/nationalsecurityagency/datawave-helm-charts/charts
  version: 1.0.1
digest: sha256:533b6a9adb63397e895c739556ba832f747f34dbbf2345868d7e4c8885a4a5c2
generated: "2025-03-04T16:52:57.605954656Z"
