dependencies:
- name: dwv-ingest
  repository: oci://ghcr.io/nationalsecurityagency/datawave-helm-charts/charts
  version: 1.0.1
- name: dwv-hadoop
  repository: oci://ghcr.io/nationalsecurityagency/datawave-helm-charts/charts
  version: 1.0.0
- name: dwv-hadoop-config
  repository: oci://ghcr.io/nationalsecurityagency/datawave-helm-charts/charts
  version: 1.0.0
- name: dwv-zookeeper
  repository: oci://ghcr.io/nationalsecurityagency/datawave-helm-charts/charts
  version: 1.0.0
- name: dwv-accumulo
  repository: oci://ghcr.io/nationalsecurityagency/datawave-helm-charts/charts
  version: 1.0.0
- name: datawave-monolith-umbrella
  repository: oci://ghcr.io/nationalsecurityagency/datawave-helm-charts/charts
  version: 1.0.0
digest: sha256:15e2150558d33bedb6124d283fa0cef669dd3b57316e9b9e146fa7fb5d25e68a
generated: "2024-10-09T00:18:58.063826338Z"
